
Microsoft Visual Studio Solution File, Format Version 12.00
# Visual Studio Version 17
VisualStudioVersion = 17.9.34616.47
MinimumVisualStudioVersion = 10.0.40219.1
Project("{FAE04EC0-301F-11D3-BF4B-00C04F79EFBC}") = "FinixBanks", "FinixBanks\FinixBanks.csproj", "{BF0F0391-F2DC-42D1-984A-F88215D4A9BE}"
EndProject
Project("{FAE04EC0-301F-11D3-BF4B-00C04F79EFBC}") = "FinixBanks.Core", "FinixBanks.Core\FinixBanks.Core.csproj", "{5B0B9B88-C66E-4D42-AEC3-71EB2A5E9B00}"
EndProject
Project("{FAE04EC0-301F-11D3-BF4B-00C04F79EFBC}") = "FinixBanks.BL", "FinixBanks.Negocio\FinixBanks.BL.csproj", "{A5F36011-C1F7-4E62-A442-A9D5538ADD55}"
EndProject
Project("{FAE04EC0-301F-11D3-BF4B-00C04F79EFBC}") = "FinixBanks.Persistence", "FinixBanks.Persistencia\FinixBanks.Persistence.csproj", "{A69B5FF7-DA5F-4E0F-9025-BADD0AA60A09}"
EndProject
Project("{FAE04EC0-301F-11D3-BF4B-00C04F79EFBC}") = "FinixBanks.Infrastructure", "FinixBanks.Infrastructure\FinixBanks.Infrastructure.csproj", "{425144CF-E8AE-44A3-B34E-F5137A600ACE}"
EndProject
Global
	GlobalSection(SolutionConfigurationPlatforms) = preSolution
		Debug|Any CPU = Debug|Any CPU
		Release|Any CPU = Release|Any CPU
	EndGlobalSection
	GlobalSection(ProjectConfigurationPlatforms) = postSolution
		{BF0F0391-F2DC-42D1-984A-F88215D4A9BE}.Debug|Any CPU.ActiveCfg = Debug|Any CPU
		{BF0F0391-F2DC-42D1-984A-F88215D4A9BE}.Debug|Any CPU.Build.0 = Debug|Any CPU
		{BF0F0391-F2DC-42D1-984A-F88215D4A9BE}.Release|Any CPU.ActiveCfg = Release|Any CPU
		{BF0F0391-F2DC-42D1-984A-F88215D4A9BE}.Release|Any CPU.Build.0 = Release|Any CPU
		{5B0B9B88-C66E-4D42-AEC3-71EB2A5E9B00}.Debug|Any CPU.ActiveCfg = Debug|Any CPU
		{5B0B9B88-C66E-4D42-AEC3-71EB2A5E9B00}.Debug|Any CPU.Build.0 = Debug|Any CPU
		{5B0B9B88-C66E-4D42-AEC3-71EB2A5E9B00}.Release|Any CPU.ActiveCfg = Release|Any CPU
		{5B0B9B88-C66E-4D42-AEC3-71EB2A5E9B00}.Release|Any CPU.Build.0 = Release|Any CPU
		{A5F36011-C1F7-4E62-A442-A9D5538ADD55}.Debug|Any CPU.ActiveCfg = Debug|Any CPU
		{A5F36011-C1F7-4E62-A442-A9D5538ADD55}.Debug|Any CPU.Build.0 = Debug|Any CPU
		{A5F36011-C1F7-4E62-A442-A9D5538ADD55}.Release|Any CPU.ActiveCfg = Release|Any CPU
		{A5F36011-C1F7-4E62-A442-A9D5538ADD55}.Release|Any CPU.Build.0 = Release|Any CPU
		{A69B5FF7-DA5F-4E0F-9025-BADD0AA60A09}.Debug|Any CPU.ActiveCfg = Debug|Any CPU
		{A69B5FF7-DA5F-4E0F-9025-BADD0AA60A09}.Debug|Any CPU.Build.0 = Debug|Any CPU
		{A69B5FF7-DA5F-4E0F-9025-BADD0AA60A09}.Release|Any CPU.ActiveCfg = Release|Any CPU
		{A69B5FF7-DA5F-4E0F-9025-BADD0AA60A09}.Release|Any CPU.Build.0 = Release|Any CPU
		{425144CF-E8AE-44A3-B34E-F5137A600ACE}.Debug|Any CPU.ActiveCfg = Debug|Any CPU
		{425144CF-E8AE-44A3-B34E-F5137A600ACE}.Debug|Any CPU.Build.0 = Debug|Any CPU
		{425144CF-E8AE-44A3-B34E-F5137A600ACE}.Release|Any CPU.ActiveCfg = Release|Any CPU
		{425144CF-E8AE-44A3-B34E-F5137A600ACE}.Release|Any CPU.Build.0 = Release|Any CPU
	EndGlobalSection
	GlobalSection(SolutionProperties) = preSolution
		HideSolutionNode = FALSE
	EndGlobalSection
	GlobalSection(ExtensibilityGlobals) = postSolution
		SolutionGuid = {49BDDD4E-8E1B-45F6-A387-594232753D4D}
	EndGlobalSection
EndGlobal
